
Microsoft Visual Studio Solution File, Format Version 12.00
# Visual Studio Version 17
VisualStudioVersion = 17.10.34916.146
MinimumVisualStudioVersion = 10.0.40219.1
Project("{FAE04EC0-301F-11D3-BF4B-00C04F79EFBC}") = "WpfApp-folder&files", "WpfApp-folder&files\WpfApp-folder&files.csproj", "{D8532819-FAF2-49AA-88B1-FC7FEF52AFD6}"
EndProject
Global
	GlobalSection(SolutionConfigurationPlatforms) = preSolution
		Debug|Any CPU = Debug|Any CPU
		Release|Any CPU = Release|Any CPU
	EndGlobalSection
	GlobalSection(ProjectConfigurationPlatforms) = postSolution
		{D8532819-FAF2-49AA-88B1-FC7FEF52AFD6}.Debug|Any CPU.ActiveCfg = Debug|Any CPU
		{D8532819-FAF2-49AA-88B1-FC7FEF52AFD6}.Debug|Any CPU.Build.0 = Debug|Any CPU
		{D8532819-FAF2-49AA-88B1-FC7FEF52AFD6}.Release|Any CPU.ActiveCfg = Release|Any CPU
		{D8532819-FAF2-49AA-88B1-FC7FEF52AFD6}.Release|Any CPU.Build.0 = Release|Any CPU
	EndGlobalSection
	GlobalSection(SolutionProperties) = preSolution
		HideSolutionNode = FALSE
	EndGlobalSection
	GlobalSection(ExtensibilityGlobals) = postSolution
		SolutionGuid = {81F89D39-EF90-433E-B542-8E6FF658641A}
	EndGlobalSection
EndGlobal
